// !$*UTF8*$!
{
	archiveVersion = 1;
	classes = {
	};
	objectVersion = 46;
	objects = {

/* Begin PBXBuildFile section */
		D19383A91F1D4C6A00B68FCC /* main.m in Sources */ = {isa = PBXBuildFile; fileRef = D19383A81F1D4C6A00B68FCC /* main.m */; };
		D19383AC1F1D4C6A00B68FCC /* AppDelegate.m in Sources */ = {isa = PBXBuildFile; fileRef = D19383AB1F1D4C6A00B68FCC /* AppDelegate.m */; };
		D19383AF1F1D4C6A00B68FCC /* ViewController.m in Sources */ = {isa = PBXBuildFile; fileRef = D19383AE1F1D4C6A00B68FCC /* ViewController.m */; };
		D19383B21F1D4C6A00B68FCC /* Main.storyboard in Resources */ = {isa = PBXBuildFile; fileRef = D19383B01F1D4C6A00B68FCC /* Main.storyboard */; };
		D19383B41F1D4C6A00B68FCC /* Assets.xcassets in Resources */ = {isa = PBXBuildFile; fileRef = D19383B31F1D4C6A00B68FCC /* Assets.xcassets */; };
		D19383B71F1D4C6A00B68FCC /* LaunchScreen.storyboard in Resources */ = {isa = PBXBuildFile; fileRef = D19383B51F1D4C6A00B68FCC /* LaunchScreen.storyboard */; };
/* End PBXBuildFile section */

/* Begin PBXFileReference section */
		D19383A41F1D4C6A00B68FCC /* iPhone Images.app */ = {isa = PBXFileReference; explicitFileType = wrapper.application; includeInIndex = 0; path = "iPhone Images.app"; sourceTree = BUILT_PRODUCTS_DIR; };
		D19383A81F1D4C6A00B68FCC /* main.m */ = {isa = PBXFileReference; lastKnownFileType = sourcecode.c.objc; path = main.m; sourceTree = "<group>"; };
		D19383AA1F1D4C6A00B68FCC /* AppDelegate.h */ = {isa = PBXFileReference; lastKnownFileType = sourcecode.c.h; path = AppDelegate.h; sourceTree = "<group>"; };
		D19383AB1F1D4C6A00B68FCC /* AppDelegate.m */ = {isa = PBXFileReference; lastKnownFileType = sourcecode.c.objc; path = AppDelegate.m; sourceTree = "<group>"; };
		D19383AD1F1D4C6A00B68FCC /* ViewController.h */ = {isa = PBXFileReference; lastKnownFileType = sourcecode.c.h; path = ViewController.h; sourceTree = "<group>"; };
		D19383AE1F1D4C6A00B68FCC /* ViewController.m */ = {isa = PBXFileReference; lastKnownFileType = sourcecode.c.objc; path = ViewController.m; sourceTree = "<group>"; };
		D19383B11F1D4C6A00B68FCC /* Base */ = {isa = PBXFileReference; lastKnownFileType = file.storyboard; name = Base; path = Base.lproj/Main.storyboard; sourceTree = "<group>"; };
		D19383B31F1D4C6A00B68FCC /* Assets.xcassets */ = {isa = PBXFileReference; lastKnownFileType = folder.assetcatalog; path = Assets.xcassets; sourceTree = "<group>"; };
		D19383B61F1D4C6A00B68FCC /* Base */ = {isa = PBXFileReference; lastKnownFileType = file.storyboard; name = Base; path = Base.lproj/LaunchScreen.storyboard; sourceTree = "<group>"; };
		D19383B81F1D4C6A00B68FCC /* Info.plist */ = {isa = PBXFileReference; lastKnownFileType = text.plist.xml; path = Info.plist; sourceTree = "<group>"; };
/* End PBXFileReference section */

/* Begin PBXFrameworksBuildPhase section */
		D19383A11F1D4C6A00B68FCC /* Frameworks */ = {
			isa = PBXFrameworksBuildPhase;
			buildActionMask = 2147483647;
			files = (
			);
			runOnlyForDeploymentPostprocessing = 0;
		};
/* End PBXFrameworksBuildPhase section */

/* Begin PBXGroup section */
		D193839B1F1D4C6A00B68FCC = {
			isa = PBXGroup;
			children = (
				D19383A61F1D4C6A00B68FCC /* iPhone Images */,
				D19383A51F1D4C6A00B68FCC /* Products */,
			);
			sourceTree = "<group>";
		};
		D19383A51F1D4C6A00B68FCC /* Products */ = {
			isa = PBXGroup;
			children = (
				D19383A41F1D4C6A00B68FCC /* iPhone Images.app */,
			);
			name = Products;
			sourceTree = "<group>";
		};
		D19383A61F1D4C6A00B68FCC /* iPhone Images */ = {
			isa = PBXGroup;
			children = (
				D19383AA1F1D4C6A00B68FCC /* AppDelegate.h */,
				D19383AB1F1D4C6A00B68FCC /* AppDelegate.m */,
				D19383AD1F1D4C6A00B68FCC /* ViewController.h */,
				D19383AE1F1D4C6A00B68FCC /* ViewController.m */,
				D19383B01F1D4C6A00B68FCC /* Main.storyboard */,
				D19383B31F1D4C6A00B68FCC /* Assets.xcassets */,
				D19383B51F1D4C6A00B68FCC /* LaunchScreen.storyboard */,
				D19383B81F1D4C6A00B68FCC /* Info.plist */,
				D19383A71F1D4C6A00B68FCC /* Supporting Files */,
			);
			path = "iPhone Images";
			sourceTree = "<group>";
		};
		D19383A71F1D4C6A00B68FCC /* Supporting Files */ = {
			isa = PBXGroup;
			children = (
				D19383A81F1D4C6A00B68FCC /* main.m */,
			);
			name = "Supporting Files";
			sourceTree = "<group>";
		};
/* End PBXGroup section */

/* Begin PBXNativeTarget section */
		D19383A31F1D4C6A00B68FCC /* iPhone Images */ = {
			isa = PBXNativeTarget;
			buildConfigurationList = D19383BB1F1D4C6A00B68FCC /* Build configuration list for PBXNativeTarget "iPhone Images" */;
			buildPhases = (
				D19383A01F1D4C6A00B68FCC /* Sources */,
				D19383A11F1D4C6A00B68FCC /* Frameworks */,
				D19383A21F1D4C6A00B68FCC /* Resources */,
			);
			buildRules = (
			);
			dependencies = (
			);
			name = "iPhone Images";
			productName = "iPhone Images";
			productReference = D19383A41F1D4C6A00B68FCC /* iPhone Images.app */;
			productType = "com.apple.product-type.application";
		};
/* End PBXNativeTarget section */

/* Begin PBXProject section */
		D193839C1F1D4C6A00B68FCC /* Project object */ = {
			isa = PBXProject;
			attributes = {
				LastUpgradeCheck = 0830;
				ORGANIZATIONNAME = "Errol Cheong";
				TargetAttributes = {
					D19383A31F1D4C6A00B68FCC = {
						CreatedOnToolsVersion = 8.3.3;
						ProvisioningStyle = Automatic;
					};
				};
			};
			buildConfigurationList = D193839F1F1D4C6A00B68FCC /* Build configuration list for PBXProject "iPhone Images" */;
			compatibilityVersion = "Xcode 3.2";
			developmentRegion = English;
			hasScannedForEncodings = 0;
			knownRegions = (
				en,
				Base,
			);
			mainGroup = D193839B1F1D4C6A00B68FCC;
			productRefGroup = D19383A51F1D4C6A00B68FCC /* Products */;
			projectDirPath = "";
			projectRoot = "";
			targets = (
				D19383A31F1D4C6A00B68FCC /* iPhone Images */,
			);
		};
/* End PBXProject section */

/* Begin PBXResourcesBuildPhase section */
		D19383A21F1D4C6A00B68FCC /* Resources */ = {
			isa = PBXResourcesBuildPhase;
			buildActionMask = 2147483647;
			files = (
				D19383B71F1D4C6A00B68FCC /* LaunchScreen.storyboard in Resources */,
				D19383B41F1D4C6A00B68FCC /* Assets.xcassets in Resources */,
				D19383B21F1D4C6A00B68FCC /* Main.storyboard in Resources */,
			);
			runOnlyForDeploymentPostprocessing = 0;
		};
/* End PBXResourcesBuildPhase section */

/* Begin PBXSourcesBuildPhase section */
		D19383A01F1D4C6A00B68FCC /* Sources */ = {
			isa = PBXSourcesBuildPhase;
			buildActionMask = 2147483647;
			files = (
				D19383AF1F1D4C6A00B68FCC /* ViewController.m in Sources */,
				D19383AC1F1D4C6A00B68FCC /* AppDelegate.m in Sources */,
				D19383A91F1D4C6A00B68FCC /* main.m in Sources */,
			);
			runOnlyForDeploymentPostprocessing = 0;
		};
/* End PBXSourcesBuildPhase section */

/* Begin PBXVariantGroup section */
		D19383B01F1D4C6A00B68FCC /* Main.storyboard */ = {
			isa = PBXVariantGroup;
			children = (
				D19383B11F1D4C6A00B68FCC /* Base */,
			);
			name = Main.storyboard;
			sourceTree = "<group>";
		};
		D19383B51F1D4C6A00B68FCC /* LaunchScreen.storyboard */ = {
			isa = PBXVariantGroup;
			children = (
				D19383B61F1D4C6A00B68FCC /* Base */,
			);
			name = LaunchScreen.storyboard;
			sourceTree = "<group>";
		};
/* End PBXVariantGroup section */

/* Begin XCBuildConfiguration section */
		D19383B91F1D4C6A00B68FCC /* Debug */ = {
			isa = XCBuildConfiguration;
			buildSettings = {
				ALWAYS_SEARCH_USER_PATHS = NO;
				CLANG_ANALYZER_NONNULL = YES;
				CLANG_ANALYZER_NUMBER_OBJECT_CONVERSION = YES_AGGRESSIVE;
				CLANG_CXX_LANGUAGE_STANDARD = "gnu++0x";
				CLANG_CXX_LIBRARY = "libc++";
				CLANG_ENABLE_MODULES = YES;
				CLANG_ENABLE_OBJC_ARC = YES;
				CLANG_WARN_BOOL_CONVERSION = YES;
				CLANG_WARN_CONSTANT_CONVERSION = YES;
				CLANG_WARN_DIRECT_OBJC_ISA_USAGE = YES_ERROR;
				CLANG_WARN_DOCUMENTATION_COMMENTS = YES;
				CLANG_WARN_EMPTY_BODY = YES;
				CLANG_WARN_ENUM_CONVERSION = YES;
				CLANG_WARN_INFINITE_RECURSION = YES;
				CLANG_WARN_INT_CONVERSION = YES;
				CLANG_WARN_OBJC_ROOT_CLASS = YES_ERROR;
				CLANG_WARN_SUSPICIOUS_MOVE = YES;
				CLANG_WARN_UNREACHABLE_CODE = YES;
				CLANG_WARN__DUPLICATE_METHOD_MATCH = YES;
				"CODE_SIGN_IDENTITY[sdk=iphoneos*]" = "iPhone Developer";
				COPY_PHASE_STRIP = NO;
				DEBUG_INFORMATION_FORMAT = dwarf;
				ENABLE_STRICT_OBJC_MSGSEND = YES;
				ENABLE_TESTABILITY = YES;
				GCC_C_LANGUAGE_STANDARD = gnu99;
				GCC_DYNAMIC_NO_PIC = NO;
				GCC_NO_COMMON_BLOCKS = YES;
				GCC_OPTIMIZATION_LEVEL = 0;
				GCC_PREPROCESSOR_DEFINITIONS = (
					"DEBUG=1",
					"$(inherited)",
				);
				GCC_WARN_64_TO_32_BIT_CONVERSION = YES;
				GCC_WARN_ABOUT_RETURN_TYPE = YES_ERROR;
				GCC_WARN_UNDECLARED_SELECTOR = YES;
				GCC_WARN_UNINITIALIZED_AUTOS = YES_AGGRESSIVE;
				GCC_WARN_UNUSED_FUNCTION = YES;
				GCC_WARN_UNUSED_VARIABLE = YES;
				IPHONEOS_DEPLOYMENT_TARGET = 10.3;
				MTL_ENABLE_DEBUG_INFO = YES;
				ONLY_ACTIVE_ARCH = YES;
				SDKROOT = iphoneos;
			};
			name = Debug;
		};
		D19383BA1F1D4C6A00B68FCC /* Release */ = {
			isa = XCBuildConfiguration;
			buildSettings = {
				ALWAYS_SEARCH_USER_PATHS = NO;
				CLANG_ANALYZER_NONNULL = YES;
				CLANG_ANALYZER_NUMBER_OBJECT_CONVERSION = YES_AGGRESSIVE;
				CLANG_CXX_LANGUAGE_STANDARD = "gnu++0x";
				CLANG_CXX_LIBRARY = "libc++";
				CLANG_ENABLE_MODULES = YES;
				CLANG_ENABLE_OBJC_ARC = YES;
				CLANG_WARN_BOOL_CONVERSION = YES;
				CLANG_WARN_CONSTANT_CONVERSION = YES;
				CLANG_WARN_DIRECT_OBJC_ISA_USAGE = YES_ERROR;
				CLANG_WARN_DOCUMENTATION_COMMENTS = YES;
				CLANG_WARN_EMPTY_BODY = YES;
				CLANG_WARN_ENUM_CONVERSION = YES;
				CLANG_WARN_INFINITE_RECURSION = YES;
				CLANG_WARN_INT_CONVERSION = YES;
				CLANG_WARN_OBJC_ROOT_CLASS = YES_ERROR;
				CLANG_WARN_SUSPICIOUS_MOVE = YES;
				CLANG_WARN_UNREACHABLE_CODE = YES;
				CLANG_WARN__DUPLICATE_METHOD_MATCH = YES;
				"CODE_SIGN_IDENTITY[sdk=iphoneos*]" = "iPhone Developer";
				COPY_PHASE_STRIP = NO;
				DEBUG_INFORMATION_FORMAT = "dwarf-with-dsym";
				ENABLE_NS_ASSERTIONS = NO;
				ENABLE_STRICT_OBJC_MSGSEND = YES;
				GCC_C_LANGUAGE_STANDARD = gnu99;
				GCC_NO_COMMON_BLOCKS = YES;
				GCC_WARN_64_TO_32_BIT_CONVERSION = YES;
				GCC_WARN_ABOUT_RETURN_TYPE = YES_ERROR;
				GCC_WARN_UNDECLARED_SELECTOR = YES;
				GCC_WARN_UNINITIALIZED_AUTOS = YES_AGGRESSIVE;
				GCC_WARN_UNUSED_FUNCTION = YES;
				GCC_WARN_UNUSED_VARIABLE = YES;
				IPHONEOS_DEPLOYMENT_TARGET = 10.3;
				MTL_ENABLE_DEBUG_INFO = NO;
				SDKROOT = iphoneos;
				VALIDATE_PRODUCT = YES;
			};
			name = Release;
		};
		D19383BC1F1D4C6A00B68FCC /* Debug */ = {
			isa = XCBuildConfiguration;
			buildSettings = {
				ASSETCATALOG_COMPILER_APPICON_NAME = AppIcon;
				INFOPLIST_FILE = "iPhone Images/Info.plist";
				LD_RUNPATH_SEARCH_PATHS = "$(inherited) @executable_path/Frameworks";
				PRODUCT_BUNDLE_IDENTIFIER = "com.errolcheong.iPhone-Images";
				PRODUCT_NAME = "$(TARGET_NAME)";
			};
			name = Debug;
		};
		D19383BD1F1D4C6A00B68FCC /* Release */ = {
			isa = XCBuildConfiguration;
			buildSettings = {
				ASSETCATALOG_COMPILER_APPICON_NAME = AppIcon;
				INFOPLIST_FILE = "iPhone Images/Info.plist";
				LD_RUNPATH_SEARCH_PATHS = "$(inherited) @executable_path/Frameworks";
				PRODUCT_BUNDLE_IDENTIFIER = "com.errolcheong.iPhone-Images";
				PRODUCT_NAME = "$(TARGET_NAME)";
			};
			name = Release;
		};
/* End XCBuildConfiguration section */

/* Begin XCConfigurationList section */
		D193839F1F1D4C6A00B68FCC /* Build configuration list for PBXProject "iPhone Images" */ = {
			isa = XCConfigurationList;
			buildConfigurations = (
				D19383B91F1D4C6A00B68FCC /* Debug */,
				D19383BA1F1D4C6A00B68FCC /* Release */,
			);
			defaultConfigurationIsVisible = 0;
			defaultConfigurationName = Release;
		};
		D19383BB1F1D4C6A00B68FCC /* Build configuration list for PBXNativeTarget "iPhone Images" */ = {
			isa = XCConfigurationList;
			buildConfigurations = (
				D19383BC1F1D4C6A00B68FCC /* Debug */,
				D19383BD1F1D4C6A00B68FCC /* Release */,
			);
			defaultConfigurationIsVisible = 0;
		};
/* End XCConfigurationList section */
	};
	rootObject = D193839C1F1D4C6A00B68FCC /* Project object */;
}
